// !$*UTF8*$!
{
	archiveVersion = 1;
	classes = {
	};
	objectVersion = 56;
	objects = {

/* Begin PBXBuildFile section */
		75E0ADE4B30AFAC998520D91 /* Pods_iOS_Viper_Combine.framework in Frameworks */ = {isa = PBXBuildFile; fileRef = 6F01E310A5A0417796E305C5 /* Pods_iOS_Viper_Combine.framework */; };
		E9584C4D2A78533900267C47 /* AppDelegate.swift in Sources */ = {isa = PBXBuildFile; fileRef = E9584C4C2A78533900267C47 /* AppDelegate.swift */; };
		E9584C4F2A78533900267C47 /* SceneDelegate.swift in Sources */ = {isa = PBXBuildFile; fileRef = E9584C4E2A78533900267C47 /* SceneDelegate.swift */; };
		E9584C542A78533900267C47 /* Main.storyboard in Resources */ = {isa = PBXBuildFile; fileRef = E9584C522A78533900267C47 /* Main.storyboard */; };
		E9584C562A78533A00267C47 /* Assets.xcassets in Resources */ = {isa = PBXBuildFile; fileRef = E9584C552A78533A00267C47 /* Assets.xcassets */; };
		E9584C592A78533A00267C47 /* LaunchScreen.storyboard in Resources */ = {isa = PBXBuildFile; fileRef = E9584C572A78533A00267C47 /* LaunchScreen.storyboard */; };
		E96C3C5C2A7C46940032F7A1 /* Constant.swift in Sources */ = {isa = PBXBuildFile; fileRef = E96C3C5B2A7C46940032F7A1 /* Constant.swift */; };
		E96C3C5E2A7C4A100032F7A1 /* PresenterProtocol.swift in Sources */ = {isa = PBXBuildFile; fileRef = E96C3C5D2A7C4A100032F7A1 /* PresenterProtocol.swift */; };
		E96C3C602A7C4A4C0032F7A1 /* InteractorProtocol.swift in Sources */ = {isa = PBXBuildFile; fileRef = E96C3C5F2A7C4A4C0032F7A1 /* InteractorProtocol.swift */; };
		E96C3C622A7C4A600032F7A1 /* RouterProtocol.swift in Sources */ = {isa = PBXBuildFile; fileRef = E96C3C612A7C4A600032F7A1 /* RouterProtocol.swift */; };
		E96C3C652A7C4CFB0032F7A1 /* CombineMoya in Frameworks */ = {isa = PBXBuildFile; productRef = E96C3C642A7C4CFB0032F7A1 /* CombineMoya */; };
		E96C3C682A7C4D480032F7A1 /* SectionPresenter.swift in Sources */ = {isa = PBXBuildFile; fileRef = E96C3C672A7C4D480032F7A1 /* SectionPresenter.swift */; };
		E96C3C6A2A7C4D500032F7A1 /* SectionInteractor.swift in Sources */ = {isa = PBXBuildFile; fileRef = E96C3C692A7C4D500032F7A1 /* SectionInteractor.swift */; };
		E96C3C6C2A7C4D590032F7A1 /* SectionRouter.swift in Sources */ = {isa = PBXBuildFile; fileRef = E96C3C6B2A7C4D590032F7A1 /* SectionRouter.swift */; };
		E96C3C702A7C4F380032F7A1 /* SectionViewController.swift in Sources */ = {isa = PBXBuildFile; fileRef = E96C3C6F2A7C4F380032F7A1 /* SectionViewController.swift */; };
		E96C3C722A7C51330032F7A1 /* ViewProtocol.swift in Sources */ = {isa = PBXBuildFile; fileRef = E96C3C712A7C51330032F7A1 /* ViewProtocol.swift */; };
		E96C3C752A7D89230032F7A1 /* Extension+UIViewController.swift in Sources */ = {isa = PBXBuildFile; fileRef = E96C3C742A7D89230032F7A1 /* Extension+UIViewController.swift */; };
		E96C3C772A7D8E0A0032F7A1 /* AppStoryboard.swift in Sources */ = {isa = PBXBuildFile; fileRef = E96C3C762A7D8E0A0032F7A1 /* AppStoryboard.swift */; };
		E96C3C792A7D90A50032F7A1 /* NewsProvider.swift in Sources */ = {isa = PBXBuildFile; fileRef = E96C3C782A7D90A50032F7A1 /* NewsProvider.swift */; };
		E96C3C7B2A7D91590032F7A1 /* BaseMoyaProvider.swift in Sources */ = {isa = PBXBuildFile; fileRef = E96C3C7A2A7D91590032F7A1 /* BaseMoyaProvider.swift */; };
		E96C3C7E2A7D96590032F7A1 /* SectionModel.swift in Sources */ = {isa = PBXBuildFile; fileRef = E96C3C7D2A7D96590032F7A1 /* SectionModel.swift */; };
		E96C3C802A7D96EE0032F7A1 /* ResponseModel.swift in Sources */ = {isa = PBXBuildFile; fileRef = E96C3C7F2A7D96EE0032F7A1 /* ResponseModel.swift */; };
		E96C3C862A7D97780032F7A1 /* SectionService.swift in Sources */ = {isa = PBXBuildFile; fileRef = E96C3C852A7D97780032F7A1 /* SectionService.swift */; };
		E96C3C8A2A8025A00032F7A1 /* SectionCell.swift in Sources */ = {isa = PBXBuildFile; fileRef = E96C3C882A8025A00032F7A1 /* SectionCell.swift */; };
		E96C3C8B2A8025A00032F7A1 /* SectionCell.xib in Resources */ = {isa = PBXBuildFile; fileRef = E96C3C892A8025A00032F7A1 /* SectionCell.xib */; };
		E96C3C8D2A8026260032F7A1 /* Extension+UITableView.swift in Sources */ = {isa = PBXBuildFile; fileRef = E96C3C8C2A8026260032F7A1 /* Extension+UITableView.swift */; };
		E96C3C8F2A80275B0032F7A1 /* Extension+UITableViewCell.swift in Sources */ = {isa = PBXBuildFile; fileRef = E96C3C8E2A80275B0032F7A1 /* Extension+UITableViewCell.swift */; };
		E96C3C972A817BFA0032F7A1 /* iOS_Viper_CombineTests.swift in Sources */ = {isa = PBXBuildFile; fileRef = E96C3C962A817BFA0032F7A1 /* iOS_Viper_CombineTests.swift */; };
		E96C3C9E2A817D0D0032F7A1 /* SectionServiceTests.swift in Sources */ = {isa = PBXBuildFile; fileRef = E96C3C9D2A817D0D0032F7A1 /* SectionServiceTests.swift */; };
		E96C3CA12A82D9F50032F7A1 /* SectionDetailViewController.swift in Sources */ = {isa = PBXBuildFile; fileRef = E96C3CA02A82D9F50032F7A1 /* SectionDetailViewController.swift */; };
		E96C3CA32A82DA1E0032F7A1 /* SectionDetailPresenter.swift in Sources */ = {isa = PBXBuildFile; fileRef = E96C3CA22A82DA1E0032F7A1 /* SectionDetailPresenter.swift */; };
		E96C3CA52A82DA2A0032F7A1 /* SectionDetailInteractor.swift in Sources */ = {isa = PBXBuildFile; fileRef = E96C3CA42A82DA2A0032F7A1 /* SectionDetailInteractor.swift */; };
		E96C3CA72A82DA320032F7A1 /* SectionDetailRouter.swift in Sources */ = {isa = PBXBuildFile; fileRef = E96C3CA62A82DA320032F7A1 /* SectionDetailRouter.swift */; };
/* End PBXBuildFile section */

/* Begin PBXContainerItemProxy section */
		E96C3C982A817BFA0032F7A1 /* PBXContainerItemProxy */ = {
			isa = PBXContainerItemProxy;
			containerPortal = E9584C412A78533900267C47 /* Project object */;
			proxyType = 1;
			remoteGlobalIDString = E9584C482A78533900267C47;
			remoteInfo = "iOS-Viper-Combine";
		};
/* End PBXContainerItemProxy section */

/* Begin PBXFileReference section */
		6F01E310A5A0417796E305C5 /* Pods_iOS_Viper_Combine.framework */ = {isa = PBXFileReference; explicitFileType = wrapper.framework; includeInIndex = 0; path = Pods_iOS_Viper_Combine.framework; sourceTree = BUILT_PRODUCTS_DIR; };
		AA7C10989D35839EEF606C9C /* Pods-iOS-Viper-Combine.release.xcconfig */ = {isa = PBXFileReference; includeInIndex = 1; lastKnownFileType = text.xcconfig; name = "Pods-iOS-Viper-Combine.release.xcconfig"; path = "Target Support Files/Pods-iOS-Viper-Combine/Pods-iOS-Viper-Combine.release.xcconfig"; sourceTree = "<group>"; };
		D22CD9286DFA20DE05B42580 /* Pods-iOS-Viper-Combine.debug.xcconfig */ = {isa = PBXFileReference; includeInIndex = 1; lastKnownFileType = text.xcconfig; name = "Pods-iOS-Viper-Combine.debug.xcconfig"; path = "Target Support Files/Pods-iOS-Viper-Combine/Pods-iOS-Viper-Combine.debug.xcconfig"; sourceTree = "<group>"; };
		E9584C492A78533900267C47 /* iOS-Viper-Combine.app */ = {isa = PBXFileReference; explicitFileType = wrapper.application; includeInIndex = 0; path = "iOS-Viper-Combine.app"; sourceTree = BUILT_PRODUCTS_DIR; };
		E9584C4C2A78533900267C47 /* AppDelegate.swift */ = {isa = PBXFileReference; lastKnownFileType = sourcecode.swift; path = AppDelegate.swift; sourceTree = "<group>"; };
		E9584C4E2A78533900267C47 /* SceneDelegate.swift */ = {isa = PBXFileReference; lastKnownFileType = sourcecode.swift; path = SceneDelegate.swift; sourceTree = "<group>"; };
		E9584C532A78533900267C47 /* Base */ = {isa = PBXFileReference; lastKnownFileType = file.storyboard; name = Base; path = Base.lproj/Main.storyboard; sourceTree = "<group>"; };
		E9584C552A78533A00267C47 /* Assets.xcassets */ = {isa = PBXFileReference; lastKnownFileType = folder.assetcatalog; path = Assets.xcassets; sourceTree = "<group>"; };
		E9584C582A78533A00267C47 /* Base */ = {isa = PBXFileReference; lastKnownFileType = file.storyboard; name = Base; path = Base.lproj/LaunchScreen.storyboard; sourceTree = "<group>"; };
		E9584C5A2A78533A00267C47 /* Info.plist */ = {isa = PBXFileReference; lastKnownFileType = text.plist.xml; path = Info.plist; sourceTree = "<group>"; };
		E96C3C5B2A7C46940032F7A1 /* Constant.swift */ = {isa = PBXFileReference; lastKnownFileType = sourcecode.swift; path = Constant.swift; sourceTree = "<group>"; };
		E96C3C5D2A7C4A100032F7A1 /* PresenterProtocol.swift */ = {isa = PBXFileReference; lastKnownFileType = sourcecode.swift; path = PresenterProtocol.swift; sourceTree = "<group>"; };
		E96C3C5F2A7C4A4C0032F7A1 /* InteractorProtocol.swift */ = {isa = PBXFileReference; lastKnownFileType = sourcecode.swift; path = InteractorProtocol.swift; sourceTree = "<group>"; };
		E96C3C612A7C4A600032F7A1 /* RouterProtocol.swift */ = {isa = PBXFileReference; lastKnownFileType = sourcecode.swift; path = RouterProtocol.swift; sourceTree = "<group>"; };
		E96C3C672A7C4D480032F7A1 /* SectionPresenter.swift */ = {isa = PBXFileReference; lastKnownFileType = sourcecode.swift; path = SectionPresenter.swift; sourceTree = "<group>"; };
		E96C3C692A7C4D500032F7A1 /* SectionInteractor.swift */ = {isa = PBXFileReference; lastKnownFileType = sourcecode.swift; path = SectionInteractor.swift; sourceTree = "<group>"; };
		E96C3C6B2A7C4D590032F7A1 /* SectionRouter.swift */ = {isa = PBXFileReference; lastKnownFileType = sourcecode.swift; path = SectionRouter.swift; sourceTree = "<group>"; };
		E96C3C6F2A7C4F380032F7A1 /* SectionViewController.swift */ = {isa = PBXFileReference; lastKnownFileType = sourcecode.swift; path = SectionViewController.swift; sourceTree = "<group>"; };
		E96C3C712A7C51330032F7A1 /* ViewProtocol.swift */ = {isa = PBXFileReference; lastKnownFileType = sourcecode.swift; path = ViewProtocol.swift; sourceTree = "<group>"; };
		E96C3C742A7D89230032F7A1 /* Extension+UIViewController.swift */ = {isa = PBXFileReference; lastKnownFileType = sourcecode.swift; path = "Extension+UIViewController.swift"; sourceTree = "<group>"; };
		E96C3C762A7D8E0A0032F7A1 /* AppStoryboard.swift */ = {isa = PBXFileReference; lastKnownFileType = sourcecode.swift; path = AppStoryboard.swift; sourceTree = "<group>"; };
		E96C3C782A7D90A50032F7A1 /* NewsProvider.swift */ = {isa = PBXFileReference; lastKnownFileType = sourcecode.swift; path = NewsProvider.swift; sourceTree = "<group>"; };
		E96C3C7A2A7D91590032F7A1 /* BaseMoyaProvider.swift */ = {isa = PBXFileReference; lastKnownFileType = sourcecode.swift; path = BaseMoyaProvider.swift; sourceTree = "<group>"; };
		E96C3C7D2A7D96590032F7A1 /* SectionModel.swift */ = {isa = PBXFileReference; lastKnownFileType = sourcecode.swift; path = SectionModel.swift; sourceTree = "<group>"; };
		E96C3C7F2A7D96EE0032F7A1 /* ResponseModel.swift */ = {isa = PBXFileReference; lastKnownFileType = sourcecode.swift; path = ResponseModel.swift; sourceTree = "<group>"; };
		E96C3C852A7D97780032F7A1 /* SectionService.swift */ = {isa = PBXFileReference; lastKnownFileType = sourcecode.swift; path = SectionService.swift; sourceTree = "<group>"; };
		E96C3C882A8025A00032F7A1 /* SectionCell.swift */ = {isa = PBXFileReference; lastKnownFileType = sourcecode.swift; path = SectionCell.swift; sourceTree = "<group>"; };
		E96C3C892A8025A00032F7A1 /* SectionCell.xib */ = {isa = PBXFileReference; lastKnownFileType = file.xib; path = SectionCell.xib; sourceTree = "<group>"; };
		E96C3C8C2A8026260032F7A1 /* Extension+UITableView.swift */ = {isa = PBXFileReference; lastKnownFileType = sourcecode.swift; path = "Extension+UITableView.swift"; sourceTree = "<group>"; };
		E96C3C8E2A80275B0032F7A1 /* Extension+UITableViewCell.swift */ = {isa = PBXFileReference; lastKnownFileType = sourcecode.swift; path = "Extension+UITableViewCell.swift"; sourceTree = "<group>"; };
		E96C3C942A817BFA0032F7A1 /* iOS-Viper-CombineTests.xctest */ = {isa = PBXFileReference; explicitFileType = wrapper.cfbundle; includeInIndex = 0; path = "iOS-Viper-CombineTests.xctest"; sourceTree = BUILT_PRODUCTS_DIR; };
		E96C3C962A817BFA0032F7A1 /* iOS_Viper_CombineTests.swift */ = {isa = PBXFileReference; lastKnownFileType = sourcecode.swift; path = iOS_Viper_CombineTests.swift; sourceTree = "<group>"; };
		E96C3C9D2A817D0D0032F7A1 /* SectionServiceTests.swift */ = {isa = PBXFileReference; lastKnownFileType = sourcecode.swift; path = SectionServiceTests.swift; sourceTree = "<group>"; };
		E96C3CA02A82D9F50032F7A1 /* SectionDetailViewController.swift */ = {isa = PBXFileReference; lastKnownFileType = sourcecode.swift; path = SectionDetailViewController.swift; sourceTree = "<group>"; };
		E96C3CA22A82DA1E0032F7A1 /* SectionDetailPresenter.swift */ = {isa = PBXFileReference; lastKnownFileType = sourcecode.swift; path = SectionDetailPresenter.swift; sourceTree = "<group>"; };
		E96C3CA42A82DA2A0032F7A1 /* SectionDetailInteractor.swift */ = {isa = PBXFileReference; lastKnownFileType = sourcecode.swift; path = SectionDetailInteractor.swift; sourceTree = "<group>"; };
		E96C3CA62A82DA320032F7A1 /* SectionDetailRouter.swift */ = {isa = PBXFileReference; lastKnownFileType = sourcecode.swift; path = SectionDetailRouter.swift; sourceTree = "<group>"; };
/* End PBXFileReference section */

/* Begin PBXFrameworksBuildPhase section */
		E9584C462A78533900267C47 /* Frameworks */ = {
			isa = PBXFrameworksBuildPhase;
			buildActionMask = 2147483647;
			files = (
				E96C3C652A7C4CFB0032F7A1 /* CombineMoya in Frameworks */,
				75E0ADE4B30AFAC998520D91 /* Pods_iOS_Viper_Combine.framework in Frameworks */,
			);
			runOnlyForDeploymentPostprocessing = 0;
		};
		E96C3C912A817BFA0032F7A1 /* Frameworks */ = {
			isa = PBXFrameworksBuildPhase;
			buildActionMask = 2147483647;
			files = (
			);
			runOnlyForDeploymentPostprocessing = 0;
		};
/* End PBXFrameworksBuildPhase section */

/* Begin PBXGroup section */
		1CC61AB92F38BA37A3A7382C /* Pods */ = {
			isa = PBXGroup;
			children = (
				D22CD9286DFA20DE05B42580 /* Pods-iOS-Viper-Combine.debug.xcconfig */,
				AA7C10989D35839EEF606C9C /* Pods-iOS-Viper-Combine.release.xcconfig */,
			);
			path = Pods;
			sourceTree = "<group>";
		};
		E9584C402A78533900267C47 = {
			isa = PBXGroup;
			children = (
				E9584C4B2A78533900267C47 /* iOS-Viper-Combine */,
				E96C3C952A817BFA0032F7A1 /* iOS-Viper-CombineTests */,
				E9584C4A2A78533900267C47 /* Products */,
				1CC61AB92F38BA37A3A7382C /* Pods */,
				F8DE53F705FE28643D13C689 /* Frameworks */,
			);
			sourceTree = "<group>";
		};
		E9584C4A2A78533900267C47 /* Products */ = {
			isa = PBXGroup;
			children = (
				E9584C492A78533900267C47 /* iOS-Viper-Combine.app */,
				E96C3C942A817BFA0032F7A1 /* iOS-Viper-CombineTests.xctest */,
			);
			name = Products;
			sourceTree = "<group>";
		};
		E9584C4B2A78533900267C47 /* iOS-Viper-Combine */ = {
			isa = PBXGroup;
			children = (
				E96C3C582A7C465E0032F7A1 /* Base */,
				E96C3C552A7C46450032F7A1 /* Scene */,
				E96C3C572A7C46500032F7A1 /* Model */,
				E96C3C562A7C464B0032F7A1 /* Network */,
				E96C3C812A7D97390032F7A1 /* Service */,
				E96C3C5A2A7C46880032F7A1 /* Utility */,
				E96C3C592A7C466A0032F7A1 /* Resource */,
				E9584C4C2A78533900267C47 /* AppDelegate.swift */,
				E9584C4E2A78533900267C47 /* SceneDelegate.swift */,
				E9584C522A78533900267C47 /* Main.storyboard */,
				E9584C572A78533A00267C47 /* LaunchScreen.storyboard */,
				E9584C5A2A78533A00267C47 /* Info.plist */,
			);
			path = "iOS-Viper-Combine";
			sourceTree = "<group>";
		};
		E96C3C552A7C46450032F7A1 /* Scene */ = {
			isa = PBXGroup;
			children = (
				E96C3C9F2A82D9C70032F7A1 /* SectionDetail */,
				E96C3C662A7C4D400032F7A1 /* Section */,
			);
			path = Scene;
			sourceTree = "<group>";
		};
		E96C3C562A7C464B0032F7A1 /* Network */ = {
			isa = PBXGroup;
			children = (
				E96C3C782A7D90A50032F7A1 /* NewsProvider.swift */,
			);
			path = Network;
			sourceTree = "<group>";
		};
		E96C3C572A7C46500032F7A1 /* Model */ = {
			isa = PBXGroup;
			children = (
				E96C3C7C2A7D964F0032F7A1 /* Response */,
			);
			path = Model;
			sourceTree = "<group>";
		};
		E96C3C582A7C465E0032F7A1 /* Base */ = {
			isa = PBXGroup;
			children = (
				E96C3C5D2A7C4A100032F7A1 /* PresenterProtocol.swift */,
				E96C3C5F2A7C4A4C0032F7A1 /* InteractorProtocol.swift */,
				E96C3C612A7C4A600032F7A1 /* RouterProtocol.swift */,
				E96C3C712A7C51330032F7A1 /* ViewProtocol.swift */,
				E96C3C7A2A7D91590032F7A1 /* BaseMoyaProvider.swift */,
			);
			path = Base;
			sourceTree = "<group>";
		};
		E96C3C592A7C466A0032F7A1 /* Resource */ = {
			isa = PBXGroup;
			children = (
				E9584C552A78533A00267C47 /* Assets.xcassets */,
			);
			path = Resource;
			sourceTree = "<group>";
		};
		E96C3C5A2A7C46880032F7A1 /* Utility */ = {
			isa = PBXGroup;
			children = (
				E96C3C732A7D890C0032F7A1 /* Extensions */,
				E96C3C5B2A7C46940032F7A1 /* Constant.swift */,
				E96C3C762A7D8E0A0032F7A1 /* AppStoryboard.swift */,
			);
			path = Utility;
			sourceTree = "<group>";
		};
		E96C3C662A7C4D400032F7A1 /* Section */ = {
			isa = PBXGroup;
			children = (
				E96C3C872A80257C0032F7A1 /* Cell */,
				E96C3C672A7C4D480032F7A1 /* SectionPresenter.swift */,
				E96C3C692A7C4D500032F7A1 /* SectionInteractor.swift */,
				E96C3C6B2A7C4D590032F7A1 /* SectionRouter.swift */,
				E96C3C6F2A7C4F380032F7A1 /* SectionViewController.swift */,
			);
			path = Section;
			sourceTree = "<group>";
		};
		E96C3C732A7D890C0032F7A1 /* Extensions */ = {
			isa = PBXGroup;
			children = (
				E96C3C742A7D89230032F7A1 /* Extension+UIViewController.swift */,
				E96C3C8C2A8026260032F7A1 /* Extension+UITableView.swift */,
				E96C3C8E2A80275B0032F7A1 /* Extension+UITableViewCell.swift */,
			);
			path = Extensions;
			sourceTree = "<group>";
		};
		E96C3C7C2A7D964F0032F7A1 /* Response */ = {
			isa = PBXGroup;
			children = (
				E96C3C7D2A7D96590032F7A1 /* SectionModel.swift */,
				E96C3C7F2A7D96EE0032F7A1 /* ResponseModel.swift */,
			);
			path = Response;
			sourceTree = "<group>";
		};
		E96C3C812A7D97390032F7A1 /* Service */ = {
			isa = PBXGroup;
			children = (
				E96C3C842A7D97500032F7A1 /* Networking */,
			);
			path = Service;
			sourceTree = "<group>";
		};
		E96C3C842A7D97500032F7A1 /* Networking */ = {
			isa = PBXGroup;
			children = (
				E96C3C852A7D97780032F7A1 /* SectionService.swift */,
			);
			path = Networking;
			sourceTree = "<group>";
		};
		E96C3C872A80257C0032F7A1 /* Cell */ = {
			isa = PBXGroup;
			children = (
				E96C3C882A8025A00032F7A1 /* SectionCell.swift */,
				E96C3C892A8025A00032F7A1 /* SectionCell.xib */,
			);
			path = Cell;
			sourceTree = "<group>";
		};
		E96C3C952A817BFA0032F7A1 /* iOS-Viper-CombineTests */ = {
			isa = PBXGroup;
			children = (
				E96C3C962A817BFA0032F7A1 /* iOS_Viper_CombineTests.swift */,
				E96C3C9D2A817D0D0032F7A1 /* SectionServiceTests.swift */,
			);
			path = "iOS-Viper-CombineTests";
			sourceTree = "<group>";
		};
		E96C3C9F2A82D9C70032F7A1 /* SectionDetail */ = {
			isa = PBXGroup;
			children = (
				E96C3CA22A82DA1E0032F7A1 /* SectionDetailPresenter.swift */,
				E96C3CA42A82DA2A0032F7A1 /* SectionDetailInteractor.swift */,
				E96C3CA62A82DA320032F7A1 /* SectionDetailRouter.swift */,
				E96C3CA02A82D9F50032F7A1 /* SectionDetailViewController.swift */,
			);
			path = SectionDetail;
			sourceTree = "<group>";
		};
		F8DE53F705FE28643D13C689 /* Frameworks */ = {
			isa = PBXGroup;
			children = (
				6F01E310A5A0417796E305C5 /* Pods_iOS_Viper_Combine.framework */,
			);
			name = Frameworks;
			sourceTree = "<group>";
		};
/* End PBXGroup section */

/* Begin PBXNativeTarget section */
		E9584C482A78533900267C47 /* iOS-Viper-Combine */ = {
			isa = PBXNativeTarget;
			buildConfigurationList = E9584C5D2A78533A00267C47 /* Build configuration list for PBXNativeTarget "iOS-Viper-Combine" */;
			buildPhases = (
				1E518D24C63A27BC4C136649 /* [CP] Check Pods Manifest.lock */,
				E9584C452A78533900267C47 /* Sources */,
				E9584C462A78533900267C47 /* Frameworks */,
				E9584C472A78533900267C47 /* Resources */,
			);
			buildRules = (
			);
			dependencies = (
			);
			name = "iOS-Viper-Combine";
			packageProductDependencies = (
				E96C3C642A7C4CFB0032F7A1 /* CombineMoya */,
			);
			productName = "iOS-Viper-Combine";
			productReference = E9584C492A78533900267C47 /* iOS-Viper-Combine.app */;
			productType = "com.apple.product-type.application";
		};
		E96C3C932A817BFA0032F7A1 /* iOS-Viper-CombineTests */ = {
			isa = PBXNativeTarget;
			buildConfigurationList = E96C3C9A2A817BFA0032F7A1 /* Build configuration list for PBXNativeTarget "iOS-Viper-CombineTests" */;
			buildPhases = (
				E96C3C902A817BFA0032F7A1 /* Sources */,
				E96C3C912A817BFA0032F7A1 /* Frameworks */,
				E96C3C922A817BFA0032F7A1 /* Resources */,
			);
			buildRules = (
			);
			dependencies = (
				E96C3C992A817BFA0032F7A1 /* PBXTargetDependency */,
			);
			name = "iOS-Viper-CombineTests";
			productName = "iOS-Viper-CombineTests";
			productReference = E96C3C942A817BFA0032F7A1 /* iOS-Viper-CombineTests.xctest */;
			productType = "com.apple.product-type.bundle.unit-test";
		};
/* End PBXNativeTarget section */

/* Begin PBXProject section */
		E9584C412A78533900267C47 /* Project object */ = {
			isa = PBXProject;
			attributes = {
				BuildIndependentTargetsInParallel = 1;
				LastSwiftUpdateCheck = 1430;
				LastUpgradeCheck = 1500;
				TargetAttributes = {
					E9584C482A78533900267C47 = {
						CreatedOnToolsVersion = 15.0;
					};
					E96C3C932A817BFA0032F7A1 = {
						CreatedOnToolsVersion = 14.3.1;
						TestTargetID = E9584C482A78533900267C47;
					};
				};
			};
			buildConfigurationList = E9584C442A78533900267C47 /* Build configuration list for PBXProject "iOS-Viper-Combine" */;
			compatibilityVersion = "Xcode 14.0";
			developmentRegion = en;
			hasScannedForEncodings = 0;
			knownRegions = (
				en,
				Base,
			);
			mainGroup = E9584C402A78533900267C47;
			packageReferences = (
				E96C3C632A7C4CFB0032F7A1 /* XCRemoteSwiftPackageReference "Moya" */,
			);
			productRefGroup = E9584C4A2A78533900267C47 /* Products */;
			projectDirPath = "";
			projectRoot = "";
			targets = (
				E9584C482A78533900267C47 /* iOS-Viper-Combine */,
				E96C3C932A817BFA0032F7A1 /* iOS-Viper-CombineTests */,
			);
		};
/* End PBXProject section */

/* Begin PBXResourcesBuildPhase section */
		E9584C472A78533900267C47 /* Resources */ = {
			isa = PBXResourcesBuildPhase;
			buildActionMask = 2147483647;
			files = (
				E9584C592A78533A00267C47 /* LaunchScreen.storyboard in Resources */,
				E96C3C8B2A8025A00032F7A1 /* SectionCell.xib in Resources */,
				E9584C562A78533A00267C47 /* Assets.xcassets in Resources */,
				E9584C542A78533900267C47 /* Main.storyboard in Resources */,
			);
			runOnlyForDeploymentPostprocessing = 0;
		};
		E96C3C922A817BFA0032F7A1 /* Resources */ = {
			isa = PBXResourcesBuildPhase;
			buildActionMask = 2147483647;
			files = (
			);
			runOnlyForDeploymentPostprocessing = 0;
		};
/* End PBXResourcesBuildPhase section */

/* Begin PBXShellScriptBuildPhase section */
		1E518D24C63A27BC4C136649 /* [CP] Check Pods Manifest.lock */ = {
			isa = PBXShellScriptBuildPhase;
			buildActionMask = 2147483647;
			files = (
			);
			inputFileListPaths = (
			);
			inputPaths = (
				"${PODS_PODFILE_DIR_PATH}/Podfile.lock",
				"${PODS_ROOT}/Manifest.lock",
			);
			name = "[CP] Check Pods Manifest.lock";
			outputFileListPaths = (
			);
			outputPaths = (
				"$(DERIVED_FILE_DIR)/Pods-iOS-Viper-Combine-checkManifestLockResult.txt",
			);
			runOnlyForDeploymentPostprocessing = 0;
			shellPath = /bin/sh;
			shellScript = "diff \"${PODS_PODFILE_DIR_PATH}/Podfile.lock\" \"${PODS_ROOT}/Manifest.lock\" > /dev/null\nif [ $? != 0 ] ; then\n    # print error to STDERR\n    echo \"error: The sandbox is not in sync with the Podfile.lock. Run 'pod install' or update your CocoaPods installation.\" >&2\n    exit 1\nfi\n# This output is used by Xcode 'outputs' to avoid re-running this script phase.\necho \"SUCCESS\" > \"${SCRIPT_OUTPUT_FILE_0}\"\n";
			showEnvVarsInLog = 0;
		};
/* End PBXShellScriptBuildPhase section */

/* Begin PBXSourcesBuildPhase section */
		E9584C452A78533900267C47 /* Sources */ = {
			isa = PBXSourcesBuildPhase;
			buildActionMask = 2147483647;
			files = (
				E96C3CA72A82DA320032F7A1 /* SectionDetailRouter.swift in Sources */,
				E96C3C702A7C4F380032F7A1 /* SectionViewController.swift in Sources */,
				E96C3C862A7D97780032F7A1 /* SectionService.swift in Sources */,
				E96C3C602A7C4A4C0032F7A1 /* InteractorProtocol.swift in Sources */,
				E96C3CA52A82DA2A0032F7A1 /* SectionDetailInteractor.swift in Sources */,
				E96C3CA12A82D9F50032F7A1 /* SectionDetailViewController.swift in Sources */,
				E96C3C5E2A7C4A100032F7A1 /* PresenterProtocol.swift in Sources */,
				E96C3C7E2A7D96590032F7A1 /* SectionModel.swift in Sources */,
				E96C3C8A2A8025A00032F7A1 /* SectionCell.swift in Sources */,
				E96C3CA32A82DA1E0032F7A1 /* SectionDetailPresenter.swift in Sources */,
				E96C3C7B2A7D91590032F7A1 /* BaseMoyaProvider.swift in Sources */,
				E96C3C622A7C4A600032F7A1 /* RouterProtocol.swift in Sources */,
				E96C3C772A7D8E0A0032F7A1 /* AppStoryboard.swift in Sources */,
				E9584C4D2A78533900267C47 /* AppDelegate.swift in Sources */,
				E9584C4F2A78533900267C47 /* SceneDelegate.swift in Sources */,
				E96C3C8D2A8026260032F7A1 /* Extension+UITableView.swift in Sources */,
				E96C3C792A7D90A50032F7A1 /* NewsProvider.swift in Sources */,
				E96C3C682A7C4D480032F7A1 /* SectionPresenter.swift in Sources */,
				E96C3C6A2A7C4D500032F7A1 /* SectionInteractor.swift in Sources */,
				E96C3C752A7D89230032F7A1 /* Extension+UIViewController.swift in Sources */,
				E96C3C6C2A7C4D590032F7A1 /* SectionRouter.swift in Sources */,
				E96C3C8F2A80275B0032F7A1 /* Extension+UITableViewCell.swift in Sources */,
				E96C3C802A7D96EE0032F7A1 /* ResponseModel.swift in Sources */,
				E96C3C722A7C51330032F7A1 /* ViewProtocol.swift in Sources */,
				E96C3C5C2A7C46940032F7A1 /* Constant.swift in Sources */,
			);
			runOnlyForDeploymentPostprocessing = 0;
		};
		E96C3C902A817BFA0032F7A1 /* Sources */ = {
			isa = PBXSourcesBuildPhase;
			buildActionMask = 2147483647;
			files = (
				E96C3C972A817BFA0032F7A1 /* iOS_Viper_CombineTests.swift in Sources */,
				E96C3C9E2A817D0D0032F7A1 /* SectionServiceTests.swift in Sources */,
			);
			runOnlyForDeploymentPostprocessing = 0;
		};
/* End PBXSourcesBuildPhase section */

/* Begin PBXTargetDependency section */
		E96C3C992A817BFA0032F7A1 /* PBXTargetDependency */ = {
			isa = PBXTargetDependency;
			target = E9584C482A78533900267C47 /* iOS-Viper-Combine */;
			targetProxy = E96C3C982A817BFA0032F7A1 /* PBXContainerItemProxy */;
		};
/* End PBXTargetDependency section */

/* Begin PBXVariantGroup section */
		E9584C522A78533900267C47 /* Main.storyboard */ = {
			isa = PBXVariantGroup;
			children = (
				E9584C532A78533900267C47 /* Base */,
			);
			name = Main.storyboard;
			sourceTree = "<group>";
		};
		E9584C572A78533A00267C47 /* LaunchScreen.storyboard */ = {
			isa = PBXVariantGroup;
			children = (
				E9584C582A78533A00267C47 /* Base */,
			);
			name = LaunchScreen.storyboard;
			sourceTree = "<group>";
		};
/* End PBXVariantGroup section */

/* Begin XCBuildConfiguration section */
		E9584C5B2A78533A00267C47 /* Debug */ = {
			isa = XCBuildConfiguration;
			buildSettings = {
				ALWAYS_SEARCH_USER_PATHS = NO;
				ASSETCATALOG_COMPILER_GENERATE_SWIFT_ASSET_SYMBOL_EXTENSIONS = YES;
				CLANG_ANALYZER_NONNULL = YES;
				CLANG_ANALYZER_NUMBER_OBJECT_CONVERSION = YES_AGGRESSIVE;
				CLANG_CXX_LANGUAGE_STANDARD = "gnu++20";
				CLANG_ENABLE_MODULES = YES;
				CLANG_ENABLE_OBJC_ARC = YES;
				CLANG_ENABLE_OBJC_WEAK = YES;
				CLANG_WARN_BLOCK_CAPTURE_AUTORELEASING = YES;
				CLANG_WARN_BOOL_CONVERSION = YES;
				CLANG_WARN_COMMA = YES;
				CLANG_WARN_CONSTANT_CONVERSION = YES;
				CLANG_WARN_DEPRECATED_OBJC_IMPLEMENTATIONS = YES;
				CLANG_WARN_DIRECT_OBJC_ISA_USAGE = YES_ERROR;
				CLANG_WARN_DOCUMENTATION_COMMENTS = YES;
				CLANG_WARN_EMPTY_BODY = YES;
				CLANG_WARN_ENUM_CONVERSION = YES;
				CLANG_WARN_INFINITE_RECURSION = YES;
				CLANG_WARN_INT_CONVERSION = YES;
				CLANG_WARN_NON_LITERAL_NULL_CONVERSION = YES;
				CLANG_WARN_OBJC_IMPLICIT_RETAIN_SELF = YES;
				CLANG_WARN_OBJC_LITERAL_CONVERSION = YES;
				CLANG_WARN_OBJC_ROOT_CLASS = YES_ERROR;
				CLANG_WARN_QUOTED_INCLUDE_IN_FRAMEWORK_HEADER = YES;
				CLANG_WARN_RANGE_LOOP_ANALYSIS = YES;
				CLANG_WARN_STRICT_PROTOTYPES = YES;
				CLANG_WARN_SUSPICIOUS_MOVE = YES;
				CLANG_WARN_UNGUARDED_AVAILABILITY = YES_AGGRESSIVE;
				CLANG_WARN_UNREACHABLE_CODE = YES;
				CLANG_WARN__DUPLICATE_METHOD_MATCH = YES;
				COPY_PHASE_STRIP = NO;
				DEBUG_INFORMATION_FORMAT = dwarf;
				ENABLE_STRICT_OBJC_MSGSEND = YES;
				ENABLE_TESTABILITY = YES;
				ENABLE_USER_SCRIPT_SANDBOXING = YES;
				GCC_C_LANGUAGE_STANDARD = gnu17;
				GCC_DYNAMIC_NO_PIC = NO;
				GCC_NO_COMMON_BLOCKS = YES;
				GCC_OPTIMIZATION_LEVEL = 0;
				GCC_PREPROCESSOR_DEFINITIONS = (
					"DEBUG=1",
					"$(inherited)",
				);
				GCC_WARN_64_TO_32_BIT_CONVERSION = YES;
				GCC_WARN_ABOUT_RETURN_TYPE = YES_ERROR;
				GCC_WARN_UNDECLARED_SELECTOR = YES;
				GCC_WARN_UNINITIALIZED_AUTOS = YES_AGGRESSIVE;
				GCC_WARN_UNUSED_FUNCTION = YES;
				GCC_WARN_UNUSED_VARIABLE = YES;
				IPHONEOS_DEPLOYMENT_TARGET = 17.0;
				LOCALIZATION_PREFERS_STRING_CATALOGS = YES;
				MTL_ENABLE_DEBUG_INFO = INCLUDE_SOURCE;
				MTL_FAST_MATH = YES;
				ONLY_ACTIVE_ARCH = YES;
				SDKROOT = iphoneos;
				SWIFT_ACTIVE_COMPILATION_CONDITIONS = "DEBUG $(inherited)";
				SWIFT_OPTIMIZATION_LEVEL = "-Onone";
			};
			name = Debug;
		};
		E9584C5C2A78533A00267C47 /* Release */ = {
			isa = XCBuildConfiguration;
			buildSettings = {
				ALWAYS_SEARCH_USER_PATHS = NO;
				ASSETCATALOG_COMPILER_GENERATE_SWIFT_ASSET_SYMBOL_EXTENSIONS = YES;
				CLANG_ANALYZER_NONNULL = YES;
				CLANG_ANALYZER_NUMBER_OBJECT_CONVERSION = YES_AGGRESSIVE;
				CLANG_CXX_LANGUAGE_STANDARD = "gnu++20";
				CLANG_ENABLE_MODULES = YES;
				CLANG_ENABLE_OBJC_ARC = YES;
				CLANG_ENABLE_OBJC_WEAK = YES;
				CLANG_WARN_BLOCK_CAPTURE_AUTORELEASING = YES;
				CLANG_WARN_BOOL_CONVERSION = YES;
				CLANG_WARN_COMMA = YES;
				CLANG_WARN_CONSTANT_CONVERSION = YES;
				CLANG_WARN_DEPRECATED_OBJC_IMPLEMENTATIONS = YES;
				CLANG_WARN_DIRECT_OBJC_ISA_USAGE = YES_ERROR;
				CLANG_WARN_DOCUMENTATION_COMMENTS = YES;
				CLANG_WARN_EMPTY_BODY = YES;
				CLANG_WARN_ENUM_CONVERSION = YES;
				CLANG_WARN_INFINITE_RECURSION = YES;
				CLANG_WARN_INT_CONVERSION = YES;
				CLANG_WARN_NON_LITERAL_NULL_CONVERSION = YES;
				CLANG_WARN_OBJC_IMPLICIT_RETAIN_SELF = YES;
				CLANG_WARN_OBJC_LITERAL_CONVERSION = YES;
				CLANG_WARN_OBJC_ROOT_CLASS = YES_ERROR;
				CLANG_WARN_QUOTED_INCLUDE_IN_FRAMEWORK_HEADER = YES;
				CLANG_WARN_RANGE_LOOP_ANALYSIS = YES;
				CLANG_WARN_STRICT_PROTOTYPES = YES;
				CLANG_WARN_SUSPICIOUS_MOVE = YES;
				CLANG_WARN_UNGUARDED_AVAILABILITY = YES_AGGRESSIVE;
				CLANG_WARN_UNREACHABLE_CODE = YES;
				CLANG_WARN__DUPLICATE_METHOD_MATCH = YES;
				COPY_PHASE_STRIP = NO;
				DEBUG_INFORMATION_FORMAT = "dwarf-with-dsym";
				ENABLE_NS_ASSERTIONS = NO;
				ENABLE_STRICT_OBJC_MSGSEND = YES;
				ENABLE_USER_SCRIPT_SANDBOXING = YES;
				GCC_C_LANGUAGE_STANDARD = gnu17;
				GCC_NO_COMMON_BLOCKS = YES;
				GCC_WARN_64_TO_32_BIT_CONVERSION = YES;
				GCC_WARN_ABOUT_RETURN_TYPE = YES_ERROR;
				GCC_WARN_UNDECLARED_SELECTOR = YES;
				GCC_WARN_UNINITIALIZED_AUTOS = YES_AGGRESSIVE;
				GCC_WARN_UNUSED_FUNCTION = YES;
				GCC_WARN_UNUSED_VARIABLE = YES;
				IPHONEOS_DEPLOYMENT_TARGET = 17.0;
				LOCALIZATION_PREFERS_STRING_CATALOGS = YES;
				MTL_ENABLE_DEBUG_INFO = NO;
				MTL_FAST_MATH = YES;
				SDKROOT = iphoneos;
				SWIFT_COMPILATION_MODE = wholemodule;
				VALIDATE_PRODUCT = YES;
			};
			name = Release;
		};
		E9584C5E2A78533A00267C47 /* Debug */ = {
			isa = XCBuildConfiguration;
			baseConfigurationReference = D22CD9286DFA20DE05B42580 /* Pods-iOS-Viper-Combine.debug.xcconfig */;
			buildSettings = {
				ASSETCATALOG_COMPILER_APPICON_NAME = AppIcon;
				ASSETCATALOG_COMPILER_GLOBAL_ACCENT_COLOR_NAME = AccentColor;
				CODE_SIGN_STYLE = Automatic;
				CURRENT_PROJECT_VERSION = 1;
				DEVELOPMENT_TEAM = 8F8TZUV25Z;
				GENERATE_INFOPLIST_FILE = YES;
				INFOPLIST_FILE = "iOS-Viper-Combine/Info.plist";
				INFOPLIST_KEY_UIApplicationSupportsIndirectInputEvents = YES;
				INFOPLIST_KEY_UILaunchStoryboardName = LaunchScreen;
				INFOPLIST_KEY_UIMainStoryboardFile = Main;
				INFOPLIST_KEY_UISupportedInterfaceOrientations_iPad = "UIInterfaceOrientationPortrait UIInterfaceOrientationPortraitUpsideDown UIInterfaceOrientationLandscapeLeft UIInterfaceOrientationLandscapeRight";
				INFOPLIST_KEY_UISupportedInterfaceOrientations_iPhone = "UIInterfaceOrientationPortrait UIInterfaceOrientationLandscapeLeft UIInterfaceOrientationLandscapeRight";
				IPHONEOS_DEPLOYMENT_TARGET = 16.0;
				LD_RUNPATH_SEARCH_PATHS = (
					"$(inherited)",
					"@executable_path/Frameworks",
				);
				MARKETING_VERSION = 1.0;
				PRODUCT_BUNDLE_IDENTIFIER = "com.architecture.iOS-Viper-Combine";
				PRODUCT_NAME = "$(TARGET_NAME)";
				SWIFT_EMIT_LOC_STRINGS = YES;
				SWIFT_VERSION = 5.0;
				TARGETED_DEVICE_FAMILY = "1,2";
			};
			name = Debug;
		};
		E9584C5F2A78533A00267C47 /* Release */ = {
			isa = XCBuildConfiguration;
			baseConfigurationReference = AA7C10989D35839EEF606C9C /* Pods-iOS-Viper-Combine.release.xcconfig */;
			buildSettings = {
				ASSETCATALOG_COMPILER_APPICON_NAME = AppIcon;
				ASSETCATALOG_COMPILER_GLOBAL_ACCENT_COLOR_NAME = AccentColor;
				CODE_SIGN_STYLE = Automatic;
				CURRENT_PROJECT_VERSION = 1;
				DEVELOPMENT_TEAM = 8F8TZUV25Z;
				GENERATE_INFOPLIST_FILE = YES;
				INFOPLIST_FILE = "iOS-Viper-Combine/Info.plist";
				INFOPLIST_KEY_UIApplicationSupportsIndirectInputEvents = YES;
				INFOPLIST_KEY_UILaunchStoryboardName = LaunchScreen;
				INFOPLIST_KEY_UIMainStoryboardFile = Main;
				INFOPLIST_KEY_UISupportedInterfaceOrientations_iPad = "UIInterfaceOrientationPortrait UIInterfaceOrientationPortraitUpsideDown UIInterfaceOrientationLandscapeLeft UIInterfaceOrientationLandscapeRight";
				INFOPLIST_KEY_UISupportedInterfaceOrientations_iPhone = "UIInterfaceOrientationPortrait UIInterfaceOrientationLandscapeLeft UIInterfaceOrientationLandscapeRight";
				IPHONEOS_DEPLOYMENT_TARGET = 16.0;
				LD_RUNPATH_SEARCH_PATHS = (
					"$(inherited)",
					"@executable_path/Frameworks",
				);
				MARKETING_VERSION = 1.0;
				PRODUCT_BUNDLE_IDENTIFIER = "com.architecture.iOS-Viper-Combine";
				PRODUCT_NAME = "$(TARGET_NAME)";
				SWIFT_EMIT_LOC_STRINGS = YES;
				SWIFT_VERSION = 5.0;
				TARGETED_DEVICE_FAMILY = "1,2";
			};
			name = Release;
		};
		E96C3C9B2A817BFA0032F7A1 /* Debug */ = {
			isa = XCBuildConfiguration;
			buildSettings = {
				BUNDLE_LOADER = "$(TEST_HOST)";
				CODE_SIGN_STYLE = Automatic;
				CURRENT_PROJECT_VERSION = 1;
				DEVELOPMENT_TEAM = 8F8TZUV25Z;
				GCC_C_LANGUAGE_STANDARD = gnu11;
				GENERATE_INFOPLIST_FILE = YES;
				IPHONEOS_DEPLOYMENT_TARGET = 16.4;
				MARKETING_VERSION = 1.0;
				PRODUCT_BUNDLE_IDENTIFIER = "com.architecture.iOS-Viper-CombineTests";
				PRODUCT_NAME = "$(TARGET_NAME)";
				SWIFT_ACTIVE_COMPILATION_CONDITIONS = DEBUG;
				SWIFT_EMIT_LOC_STRINGS = NO;
				SWIFT_VERSION = 5.0;
				TARGETED_DEVICE_FAMILY = "1,2";
				TEST_HOST = "$(BUILT_PRODUCTS_DIR)/iOS-Viper-Combine.app/$(BUNDLE_EXECUTABLE_FOLDER_PATH)/iOS-Viper-Combine";
			};
			name = Debug;
		};
		E96C3C9C2A817BFA0032F7A1 /* Release */ = {
			isa = XCBuildConfiguration;
			buildSettings = {
				BUNDLE_LOADER = "$(TEST_HOST)";
				CODE_SIGN_STYLE = Automatic;
				CURRENT_PROJECT_VERSION = 1;
				DEVELOPMENT_TEAM = 8F8TZUV25Z;
				GCC_C_LANGUAGE_STANDARD = gnu11;
				GENERATE_INFOPLIST_FILE = YES;
				IPHONEOS_DEPLOYMENT_TARGET = 16.4;
				MARKETING_VERSION = 1.0;
				PRODUCT_BUNDLE_IDENTIFIER = "com.architecture.iOS-Viper-CombineTests";
				PRODUCT_NAME = "$(TARGET_NAME)";
				SWIFT_EMIT_LOC_STRINGS = NO;
				SWIFT_OPTIMIZATION_LEVEL = "-O";
				SWIFT_VERSION = 5.0;
				TARGETED_DEVICE_FAMILY = "1,2";
				TEST_HOST = "$(BUILT_PRODUCTS_DIR)/iOS-Viper-Combine.app/$(BUNDLE_EXECUTABLE_FOLDER_PATH)/iOS-Viper-Combine";
			};
			name = Release;
		};
/* End XCBuildConfiguration section */

/* Begin XCConfigurationList section */
		E9584C442A78533900267C47 /* Build configuration list for PBXProject "iOS-Viper-Combine" */ = {
			isa = XCConfigurationList;
			buildConfigurations = (
				E9584C5B2A78533A00267C47 /* Debug */,
				E9584C5C2A78533A00267C47 /* Release */,
			);
			defaultConfigurationIsVisible = 0;
			defaultConfigurationName = Release;
		};
		E9584C5D2A78533A00267C47 /* Build configuration list for PBXNativeTarget "iOS-Viper-Combine" */ = {
			isa = XCConfigurationList;
			buildConfigurations = (
				E9584C5E2A78533A00267C47 /* Debug */,
				E9584C5F2A78533A00267C47 /* Release */,
			);
			defaultConfigurationIsVisible = 0;
			defaultConfigurationName = Release;
		};
		E96C3C9A2A817BFA0032F7A1 /* Build configuration list for PBXNativeTarget "iOS-Viper-CombineTests" */ = {
			isa = XCConfigurationList;
			buildConfigurations = (
				E96C3C9B2A817BFA0032F7A1 /* Debug */,
				E96C3C9C2A817BFA0032F7A1 /* Release */,
			);
			defaultConfigurationIsVisible = 0;
			defaultConfigurationName = Release;
		};
/* End XCConfigurationList section */

/* Begin XCRemoteSwiftPackageReference section */
		E96C3C632A7C4CFB0032F7A1 /* XCRemoteSwiftPackageReference "Moya" */ = {
			isa = XCRemoteSwiftPackageReference;
			repositoryURL = "https://github.com/Moya/Moya.git";
			requirement = {
				kind = upToNextMajorVersion;
				minimumVersion = 15.0.0;
			};
		};
/* End XCRemoteSwiftPackageReference section */

/* Begin XCSwiftPackageProductDependency section */
		E96C3C642A7C4CFB0032F7A1 /* CombineMoya */ = {
			isa = XCSwiftPackageProductDependency;
			package = E96C3C632A7C4CFB0032F7A1 /* XCRemoteSwiftPackageReference "Moya" */;
			productName = CombineMoya;
		};
/* End XCSwiftPackageProductDependency section */
	};
	rootObject = E9584C412A78533900267C47 /* Project object */;
}
